
Microsoft Visual Studio Solution File, Format Version 12.00
# Visual Studio Version 17
VisualStudioVersion = 17.1.32228.430
MinimumVisualStudioVersion = 10.0.40219.1
Project("{2150E333-8FDC-42A3-9474-1A3956D46DE8}") = "src", "src", "{0D6ADEB7-F7DA-4F0D-9909-7E90155832BF}"
EndProject
Project("{2150E333-8FDC-42A3-9474-1A3956D46DE8}") = "Core", "Core", "{D4DB99D4-FC56-4E41-89AE-190B9CFA1DDD}"
EndProject
Project("{2150E333-8FDC-42A3-9474-1A3956D46DE8}") = "Integrations", "Integrations", "{7554BAC9-5A6E-4026-9A8C-10F2EC72D20B}"
EndProject
Project("{9A19103F-16F7-4668-BE54-9A1E7A4F7556}") = "Givt.OnlineCheckout.Business", "src\Core\Givt.OnlineCheckout.Business\Givt.OnlineCheckout.Business.csproj", "{1AB3A49D-246F-4582-8C52-D5A7BFBF3ADF}"
EndProject
Project("{9A19103F-16F7-4668-BE54-9A1E7A4F7556}") = "Givt.OnlineCheckout.Infrastructure", "src\Core\Givt.OnlineCheckout.Infrastructure\Givt.OnlineCheckout.Infrastructure.csproj", "{92E37562-F574-42D5-ACED-B5E067D114AC}"
EndProject
Project("{9A19103F-16F7-4668-BE54-9A1E7A4F7556}") = "Givt.OnlineCheckout.Persistance", "src\Core\Givt.OnlineCheckout.Persistance\Givt.OnlineCheckout.Persistance.csproj", "{347FB746-94CF-48DD-BF67-D52034F642C6}"
EndProject
Project("{9A19103F-16F7-4668-BE54-9A1E7A4F7556}") = "Givt.OnlineCheckout.Integrations.Stripe", "src\Integrations\Givt.OnlineCheckout.Integrations.Stripe\Givt.OnlineCheckout.Integrations.Stripe.csproj", "{0A94A59D-DE55-4E3A-B314-F54E615E0FFC}"
EndProject
Project("{9A19103F-16F7-4668-BE54-9A1E7A4F7556}") = "Givt.OnlineCheckout.API", "src\Core\Givt.OnlineCheckout.API\Givt.OnlineCheckout.API.csproj", "{09E0A52A-CCE0-45A7-9C7B-4CA420EF278A}"
EndProject
Project("{9A19103F-16F7-4668-BE54-9A1E7A4F7556}") = "Givt.OnlineCheckout.Integrations.Interfaces", "src\Integrations\Givt.OnlineCheckout.Integrations.Interfaces\Givt.OnlineCheckout.Integrations.Interfaces.csproj", "{F695729F-835D-4C05-899B-72BFCC2DA7D1}"
EndProject
Project("{9A19103F-16F7-4668-BE54-9A1E7A4F7556}") = "Givt.OnlineCheckout.Integrations.Postmark", "src\Integrations\Givt.OnlineCheckout.Integrations.Postmark\Givt.OnlineCheckout.Integrations.Postmark.csproj", "{4FFA9836-60E8-42ED-A571-9421BA09DCC8}"
EndProject
Global
	GlobalSection(SolutionConfigurationPlatforms) = preSolution
		Debug|Any CPU = Debug|Any CPU
		Release|Any CPU = Release|Any CPU
	EndGlobalSection
	GlobalSection(ProjectConfigurationPlatforms) = postSolution
		{1AB3A49D-246F-4582-8C52-D5A7BFBF3ADF}.Debug|Any CPU.ActiveCfg = Debug|Any CPU
		{1AB3A49D-246F-4582-8C52-D5A7BFBF3ADF}.Debug|Any CPU.Build.0 = Debug|Any CPU
		{1AB3A49D-246F-4582-8C52-D5A7BFBF3ADF}.Release|Any CPU.ActiveCfg = Release|Any CPU
		{1AB3A49D-246F-4582-8C52-D5A7BFBF3ADF}.Release|Any CPU.Build.0 = Release|Any CPU
		{92E37562-F574-42D5-ACED-B5E067D114AC}.Debug|Any CPU.ActiveCfg = Debug|Any CPU
		{92E37562-F574-42D5-ACED-B5E067D114AC}.Debug|Any CPU.Build.0 = Debug|Any CPU
		{92E37562-F574-42D5-ACED-B5E067D114AC}.Release|Any CPU.ActiveCfg = Release|Any CPU
		{92E37562-F574-42D5-ACED-B5E067D114AC}.Release|Any CPU.Build.0 = Release|Any CPU
		{347FB746-94CF-48DD-BF67-D52034F642C6}.Debug|Any CPU.ActiveCfg = Debug|Any CPU
		{347FB746-94CF-48DD-BF67-D52034F642C6}.Debug|Any CPU.Build.0 = Debug|Any CPU
		{347FB746-94CF-48DD-BF67-D52034F642C6}.Release|Any CPU.ActiveCfg = Release|Any CPU
		{347FB746-94CF-48DD-BF67-D52034F642C6}.Release|Any CPU.Build.0 = Release|Any CPU
		{0A94A59D-DE55-4E3A-B314-F54E615E0FFC}.Debug|Any CPU.ActiveCfg = Debug|Any CPU
		{0A94A59D-DE55-4E3A-B314-F54E615E0FFC}.Debug|Any CPU.Build.0 = Debug|Any CPU
		{0A94A59D-DE55-4E3A-B314-F54E615E0FFC}.Release|Any CPU.ActiveCfg = Release|Any CPU
		{0A94A59D-DE55-4E3A-B314-F54E615E0FFC}.Release|Any CPU.Build.0 = Release|Any CPU
		{09E0A52A-CCE0-45A7-9C7B-4CA420EF278A}.Debug|Any CPU.ActiveCfg = Debug|Any CPU
		{09E0A52A-CCE0-45A7-9C7B-4CA420EF278A}.Debug|Any CPU.Build.0 = Debug|Any CPU
		{09E0A52A-CCE0-45A7-9C7B-4CA420EF278A}.Release|Any CPU.ActiveCfg = Release|Any CPU
		{09E0A52A-CCE0-45A7-9C7B-4CA420EF278A}.Release|Any CPU.Build.0 = Release|Any CPU
		{F695729F-835D-4C05-899B-72BFCC2DA7D1}.Debug|Any CPU.ActiveCfg = Debug|Any CPU
		{F695729F-835D-4C05-899B-72BFCC2DA7D1}.Debug|Any CPU.Build.0 = Debug|Any CPU
		{F695729F-835D-4C05-899B-72BFCC2DA7D1}.Release|Any CPU.ActiveCfg = Release|Any CPU
		{F695729F-835D-4C05-899B-72BFCC2DA7D1}.Release|Any CPU.Build.0 = Release|Any CPU
		{4FFA9836-60E8-42ED-A571-9421BA09DCC8}.Debug|Any CPU.ActiveCfg = Debug|Any CPU
		{4FFA9836-60E8-42ED-A571-9421BA09DCC8}.Debug|Any CPU.Build.0 = Debug|Any CPU
		{4FFA9836-60E8-42ED-A571-9421BA09DCC8}.Release|Any CPU.ActiveCfg = Release|Any CPU
		{4FFA9836-60E8-42ED-A571-9421BA09DCC8}.Release|Any CPU.Build.0 = Release|Any CPU
	EndGlobalSection
	GlobalSection(SolutionProperties) = preSolution
		HideSolutionNode = FALSE
	EndGlobalSection
	GlobalSection(NestedProjects) = preSolution
		{D4DB99D4-FC56-4E41-89AE-190B9CFA1DDD} = {0D6ADEB7-F7DA-4F0D-9909-7E90155832BF}
		{7554BAC9-5A6E-4026-9A8C-10F2EC72D20B} = {0D6ADEB7-F7DA-4F0D-9909-7E90155832BF}
		{1AB3A49D-246F-4582-8C52-D5A7BFBF3ADF} = {D4DB99D4-FC56-4E41-89AE-190B9CFA1DDD}
		{92E37562-F574-42D5-ACED-B5E067D114AC} = {D4DB99D4-FC56-4E41-89AE-190B9CFA1DDD}
		{347FB746-94CF-48DD-BF67-D52034F642C6} = {D4DB99D4-FC56-4E41-89AE-190B9CFA1DDD}
		{0A94A59D-DE55-4E3A-B314-F54E615E0FFC} = {7554BAC9-5A6E-4026-9A8C-10F2EC72D20B}
		{09E0A52A-CCE0-45A7-9C7B-4CA420EF278A} = {D4DB99D4-FC56-4E41-89AE-190B9CFA1DDD}
		{F695729F-835D-4C05-899B-72BFCC2DA7D1} = {7554BAC9-5A6E-4026-9A8C-10F2EC72D20B}
		{4FFA9836-60E8-42ED-A571-9421BA09DCC8} = {7554BAC9-5A6E-4026-9A8C-10F2EC72D20B}
	EndGlobalSection
	GlobalSection(ExtensibilityGlobals) = postSolution
		SolutionGuid = {B0D29C95-59B5-45EA-A94C-E7075E2ADE54}
	EndGlobalSection
EndGlobal
