
Microsoft Visual Studio Solution File, Format Version 12.00
Project("{FAE04EC0-301F-11D3-BF4B-00C04F79EFBC}") = "Givt.OnlineCheckout.API", "src\Givt.OnlineCheckout.API\Givt.OnlineCheckout.API.csproj", "{B4000B90-32EA-48A9-BB36-A98EDA65FD75}"
EndProject
Global
	GlobalSection(SolutionConfigurationPlatforms) = preSolution
		Debug|Any CPU = Debug|Any CPU
		Release|Any CPU = Release|Any CPU
	EndGlobalSection
	GlobalSection(ProjectConfigurationPlatforms) = postSolution
		{B4000B90-32EA-48A9-BB36-A98EDA65FD75}.Debug|Any CPU.ActiveCfg = Debug|Any CPU
		{B4000B90-32EA-48A9-BB36-A98EDA65FD75}.Debug|Any CPU.Build.0 = Debug|Any CPU
		{B4000B90-32EA-48A9-BB36-A98EDA65FD75}.Release|Any CPU.ActiveCfg = Release|Any CPU
		{B4000B90-32EA-48A9-BB36-A98EDA65FD75}.Release|Any CPU.Build.0 = Release|Any CPU
	EndGlobalSection
EndGlobal
